
Microsoft Visual Studio Solution File, Format Version 12.00
# Visual Studio Version 17
VisualStudioVersion = 17.8.34322.80
MinimumVisualStudioVersion = 10.0.40219.1
Project("{FAE04EC0-301F-11D3-BF4B-00C04F79EFBC}") = "convertor", "convertor\convertor.csproj", "{7D8C17BA-7204-40F6-BEE0-540E3136817E}"
EndProject
Global
	GlobalSection(SolutionConfigurationPlatforms) = preSolution
		Debug|Any CPU = Debug|Any CPU
		Release|Any CPU = Release|Any CPU
	EndGlobalSection
	GlobalSection(ProjectConfigurationPlatforms) = postSolution
		{7D8C17BA-7204-40F6-BEE0-540E3136817E}.Debug|Any CPU.ActiveCfg = Debug|Any CPU
		{7D8C17BA-7204-40F6-BEE0-540E3136817E}.Debug|Any CPU.Build.0 = Debug|Any CPU
		{7D8C17BA-7204-40F6-BEE0-540E3136817E}.Debug|Any CPU.Deploy.0 = Debug|Any CPU
		{7D8C17BA-7204-40F6-BEE0-540E3136817E}.Release|Any CPU.ActiveCfg = Release|Any CPU
		{7D8C17BA-7204-40F6-BEE0-540E3136817E}.Release|Any CPU.Build.0 = Release|Any CPU
		{7D8C17BA-7204-40F6-BEE0-540E3136817E}.Release|Any CPU.Deploy.0 = Release|Any CPU
	EndGlobalSection
	GlobalSection(SolutionProperties) = preSolution
		HideSolutionNode = FALSE
	EndGlobalSection
	GlobalSection(ExtensibilityGlobals) = postSolution
		SolutionGuid = {DEE66E42-CFD5-4E58-9B27-BA085D3A154F}
	EndGlobalSection
EndGlobal
